
Microsoft Visual Studio Solution File, Format Version 12.00
# Visual Studio Version 17
VisualStudioVersion = 17.3.32922.545
MinimumVisualStudioVersion = 10.0.40219.1
Project("{9A19103F-16F7-4668-BE54-9A1E7A4F7556}") = "MongoSchemaVersion", "MongoSchemaVersion\MongoSchemaVersion.csproj", "{9914341D-5143-41AA-B95F-298328D944AD}"
EndProject
Project("{FAE04EC0-301F-11D3-BF4B-00C04F79EFBC}") = "MigrationExampleTests", "MigrationExampleTests\MigrationExampleTests.csproj", "{8FF9388D-A36E-4CE5-BC44-049235A3D594}"
EndProject
Global
	GlobalSection(SolutionConfigurationPlatforms) = preSolution
		Debug|Any CPU = Debug|Any CPU
		Release|Any CPU = Release|Any CPU
	EndGlobalSection
	GlobalSection(ProjectConfigurationPlatforms) = postSolution
		{9914341D-5143-41AA-B95F-298328D944AD}.Debug|Any CPU.ActiveCfg = Debug|Any CPU
		{9914341D-5143-41AA-B95F-298328D944AD}.Debug|Any CPU.Build.0 = Debug|Any CPU
		{9914341D-5143-41AA-B95F-298328D944AD}.Release|Any CPU.ActiveCfg = Release|Any CPU
		{9914341D-5143-41AA-B95F-298328D944AD}.Release|Any CPU.Build.0 = Release|Any CPU
		{8FF9388D-A36E-4CE5-BC44-049235A3D594}.Debug|Any CPU.ActiveCfg = Debug|Any CPU
		{8FF9388D-A36E-4CE5-BC44-049235A3D594}.Debug|Any CPU.Build.0 = Debug|Any CPU
		{8FF9388D-A36E-4CE5-BC44-049235A3D594}.Release|Any CPU.ActiveCfg = Release|Any CPU
		{8FF9388D-A36E-4CE5-BC44-049235A3D594}.Release|Any CPU.Build.0 = Release|Any CPU
	EndGlobalSection
	GlobalSection(SolutionProperties) = preSolution
		HideSolutionNode = FALSE
	EndGlobalSection
	GlobalSection(ExtensibilityGlobals) = postSolution
		SolutionGuid = {F13CD16B-5D7F-401C-B824-8E35F5749877}
	EndGlobalSection
EndGlobal
